// !$*UTF8*$!
{
	archiveVersion = 1;
	classes = {
	};
	objectVersion = 56;
	objects = {

/* Begin PBXBuildFile section */
		84581BE12A0311E3001E79C8 /* HereApp.swift in Sources */ = {isa = PBXBuildFile; fileRef = 84581BE02A0311E3001E79C8 /* HereApp.swift */; };
		84581BE32A0311E3001E79C8 /* SearchView.swift in Sources */ = {isa = PBXBuildFile; fileRef = 84581BE22A0311E3001E79C8 /* SearchView.swift */; };
		84581BE52A0311E4001E79C8 /* Assets.xcassets in Resources */ = {isa = PBXBuildFile; fileRef = 84581BE42A0311E4001E79C8 /* Assets.xcassets */; };
		84581BE82A0311E4001E79C8 /* Preview Assets.xcassets in Resources */ = {isa = PBXBuildFile; fileRef = 84581BE72A0311E4001E79C8 /* Preview Assets.xcassets */; };
		84581BF52A0319E3001E79C8 /* Requestable.swift in Sources */ = {isa = PBXBuildFile; fileRef = 84581BF42A0319E3001E79C8 /* Requestable.swift */; };
		84581BF82A031A6A001E79C8 /* APIManageable.swift in Sources */ = {isa = PBXBuildFile; fileRef = 84581BF72A031A6A001E79C8 /* APIManageable.swift */; };
		84581BFA2A031C75001E79C8 /* SearchViewModel.swift in Sources */ = {isa = PBXBuildFile; fileRef = 84581BF92A031C75001E79C8 /* SearchViewModel.swift */; };
		84CB136C2A0324C900301F9E /* GetStationsNearMeRequest.swift in Sources */ = {isa = PBXBuildFile; fileRef = 84CB136B2A0324C900301F9E /* GetStationsNearMeRequest.swift */; };
		84CB136E2A03261100301F9E /* StationResponse.swift in Sources */ = {isa = PBXBuildFile; fileRef = 84CB136D2A03261100301F9E /* StationResponse.swift */; };
		84CB13712A03350100301F9E /* apiKey.plist in Resources */ = {isa = PBXBuildFile; fileRef = 84CB13702A03350100301F9E /* apiKey.plist */; };
		84CB13742A03357500301F9E /* Bundle+Extensions.swift in Sources */ = {isa = PBXBuildFile; fileRef = 84CB13732A03357500301F9E /* Bundle+Extensions.swift */; };
		84CB13772A033FBD00301F9E /* StationsMapView.swift in Sources */ = {isa = PBXBuildFile; fileRef = 84CB13762A033FBD00301F9E /* StationsMapView.swift */; };
		84CB137D2A034C2900301F9E /* LocationDeniedView.swift in Sources */ = {isa = PBXBuildFile; fileRef = 84CB137C2A034C2900301F9E /* LocationDeniedView.swift */; };
		84CB13842A035E9200301F9E /* StationDetailView.xib in Resources */ = {isa = PBXBuildFile; fileRef = 84CB13832A035E9200301F9E /* StationDetailView.xib */; };
		84CB13872A035ECA00301F9E /* StationDetailView.m in Sources */ = {isa = PBXBuildFile; fileRef = 84CB13862A035ECA00301F9E /* StationDetailView.m */; };
		84CB138A2A036AA800301F9E /* GetWeatherObservationRequest.swift in Sources */ = {isa = PBXBuildFile; fileRef = 84CB13892A036AA800301F9E /* GetWeatherObservationRequest.swift */; };
		84CB138C2A036CE400301F9E /* WeatherResponse.swift in Sources */ = {isa = PBXBuildFile; fileRef = 84CB138B2A036CE400301F9E /* WeatherResponse.swift */; };
/* End PBXBuildFile section */

/* Begin PBXFileReference section */
		84581BDD2A0311E3001E79C8 /* HereApp.app */ = {isa = PBXFileReference; explicitFileType = wrapper.application; includeInIndex = 0; path = HereApp.app; sourceTree = BUILT_PRODUCTS_DIR; };
		84581BE02A0311E3001E79C8 /* HereApp.swift */ = {isa = PBXFileReference; lastKnownFileType = sourcecode.swift; path = HereApp.swift; sourceTree = "<group>"; };
		84581BE22A0311E3001E79C8 /* SearchView.swift */ = {isa = PBXFileReference; lastKnownFileType = sourcecode.swift; path = SearchView.swift; sourceTree = "<group>"; };
		84581BE42A0311E4001E79C8 /* Assets.xcassets */ = {isa = PBXFileReference; lastKnownFileType = folder.assetcatalog; path = Assets.xcassets; sourceTree = "<group>"; };
		84581BE72A0311E4001E79C8 /* Preview Assets.xcassets */ = {isa = PBXFileReference; lastKnownFileType = folder.assetcatalog; path = "Preview Assets.xcassets"; sourceTree = "<group>"; };
		84581BF42A0319E3001E79C8 /* Requestable.swift */ = {isa = PBXFileReference; lastKnownFileType = sourcecode.swift; path = Requestable.swift; sourceTree = "<group>"; };
		84581BF72A031A6A001E79C8 /* APIManageable.swift */ = {isa = PBXFileReference; lastKnownFileType = sourcecode.swift; path = APIManageable.swift; sourceTree = "<group>"; };
		84581BF92A031C75001E79C8 /* SearchViewModel.swift */ = {isa = PBXFileReference; lastKnownFileType = sourcecode.swift; path = SearchViewModel.swift; sourceTree = "<group>"; };
		84CB136B2A0324C900301F9E /* GetStationsNearMeRequest.swift */ = {isa = PBXFileReference; lastKnownFileType = sourcecode.swift; path = GetStationsNearMeRequest.swift; sourceTree = "<group>"; };
		84CB136D2A03261100301F9E /* StationResponse.swift */ = {isa = PBXFileReference; lastKnownFileType = sourcecode.swift; path = StationResponse.swift; sourceTree = "<group>"; };
		84CB13702A03350100301F9E /* apiKey.plist */ = {isa = PBXFileReference; lastKnownFileType = text.plist.xml; path = apiKey.plist; sourceTree = "<group>"; };
		84CB13732A03357500301F9E /* Bundle+Extensions.swift */ = {isa = PBXFileReference; lastKnownFileType = sourcecode.swift; path = "Bundle+Extensions.swift"; sourceTree = "<group>"; };
		84CB13762A033FBD00301F9E /* StationsMapView.swift */ = {isa = PBXFileReference; lastKnownFileType = sourcecode.swift; path = StationsMapView.swift; sourceTree = "<group>"; };
		84CB137C2A034C2900301F9E /* LocationDeniedView.swift */ = {isa = PBXFileReference; lastKnownFileType = sourcecode.swift; path = LocationDeniedView.swift; sourceTree = "<group>"; };
		84CB137F2A03528700301F9E /* Info.plist */ = {isa = PBXFileReference; lastKnownFileType = text.plist; path = Info.plist; sourceTree = "<group>"; };
		84CB13832A035E9200301F9E /* StationDetailView.xib */ = {isa = PBXFileReference; lastKnownFileType = file.xib; path = StationDetailView.xib; sourceTree = "<group>"; };
		84CB13852A035ECA00301F9E /* HereApp-Bridging-Header.h */ = {isa = PBXFileReference; lastKnownFileType = sourcecode.c.h; path = "HereApp-Bridging-Header.h"; sourceTree = "<group>"; };
		84CB13862A035ECA00301F9E /* StationDetailView.m */ = {isa = PBXFileReference; lastKnownFileType = sourcecode.c.objc; path = StationDetailView.m; sourceTree = "<group>"; };
		84CB13882A035F9900301F9E /* StationDetailView.h */ = {isa = PBXFileReference; lastKnownFileType = sourcecode.c.h; path = StationDetailView.h; sourceTree = "<group>"; };
		84CB13892A036AA800301F9E /* GetWeatherObservationRequest.swift */ = {isa = PBXFileReference; lastKnownFileType = sourcecode.swift; path = GetWeatherObservationRequest.swift; sourceTree = "<group>"; };
		84CB138B2A036CE400301F9E /* WeatherResponse.swift */ = {isa = PBXFileReference; lastKnownFileType = sourcecode.swift; path = WeatherResponse.swift; sourceTree = "<group>"; };
/* End PBXFileReference section */

/* Begin PBXFrameworksBuildPhase section */
		84581BDA2A0311E3001E79C8 /* Frameworks */ = {
			isa = PBXFrameworksBuildPhase;
			buildActionMask = 2147483647;
			files = (
			);
			runOnlyForDeploymentPostprocessing = 0;
		};
/* End PBXFrameworksBuildPhase section */

/* Begin PBXGroup section */
		84581BD42A0311E3001E79C8 = {
			isa = PBXGroup;
			children = (
				84581BDF2A0311E3001E79C8 /* HereApp */,
				84581BDE2A0311E3001E79C8 /* Products */,
			);
			sourceTree = "<group>";
		};
		84581BDE2A0311E3001E79C8 /* Products */ = {
			isa = PBXGroup;
			children = (
				84581BDD2A0311E3001E79C8 /* HereApp.app */,
			);
			name = Products;
			sourceTree = "<group>";
		};
		84581BDF2A0311E3001E79C8 /* HereApp */ = {
			isa = PBXGroup;
			children = (
				84CB137F2A03528700301F9E /* Info.plist */,
				84CB13702A03350100301F9E /* apiKey.plist */,
				84CB136F2A0334F000301F9E /* Resources */,
				84581BF12A03199F001E79C8 /* Core */,
				84581BEF2A03197C001E79C8 /* Features */,
				84581BE02A0311E3001E79C8 /* HereApp.swift */,
				84581BE42A0311E4001E79C8 /* Assets.xcassets */,
				84581BE62A0311E4001E79C8 /* Preview Content */,
			);
			path = HereApp;
			sourceTree = "<group>";
		};
		84581BE62A0311E4001E79C8 /* Preview Content */ = {
			isa = PBXGroup;
			children = (
				84581BE72A0311E4001E79C8 /* Preview Assets.xcassets */,
			);
			path = "Preview Content";
			sourceTree = "<group>";
		};
		84581BEF2A03197C001E79C8 /* Features */ = {
			isa = PBXGroup;
			children = (
				84CB13822A035E7A00301F9E /* StationDetailView */,
				84CB137B2A034C1C00301F9E /* Onboarding */,
				84CB13752A033FB100301F9E /* Map */,
				84581BF02A031993001E79C8 /* SearchView */,
			);
			path = Features;
			sourceTree = "<group>";
		};
		84581BF02A031993001E79C8 /* SearchView */ = {
			isa = PBXGroup;
			children = (
				84581BE22A0311E3001E79C8 /* SearchView.swift */,
				84581BF92A031C75001E79C8 /* SearchViewModel.swift */,
			);
			path = SearchView;
			sourceTree = "<group>";
		};
		84581BF12A03199F001E79C8 /* Core */ = {
			isa = PBXGroup;
			children = (
				84CB13722A03356800301F9E /* Extensions */,
				84581BF32A0319A9001E79C8 /* Models */,
				84581BF22A0319A2001E79C8 /* Networking */,
			);
			path = Core;
			sourceTree = "<group>";
		};
		84581BF22A0319A2001E79C8 /* Networking */ = {
			isa = PBXGroup;
			children = (
				84581BFB2A031C8F001E79C8 /* Requests */,
				84581BF42A0319E3001E79C8 /* Requestable.swift */,
				84581BF72A031A6A001E79C8 /* APIManageable.swift */,
			);
			path = Networking;
			sourceTree = "<group>";
		};
		84581BF32A0319A9001E79C8 /* Models */ = {
			isa = PBXGroup;
			children = (
				84CB136D2A03261100301F9E /* StationResponse.swift */,
				84CB138B2A036CE400301F9E /* WeatherResponse.swift */,
			);
			path = Models;
			sourceTree = "<group>";
		};
		84581BFB2A031C8F001E79C8 /* Requests */ = {
			isa = PBXGroup;
			children = (
				84CB136B2A0324C900301F9E /* GetStationsNearMeRequest.swift */,
				84CB13892A036AA800301F9E /* GetWeatherObservationRequest.swift */,
			);
			path = Requests;
			sourceTree = "<group>";
		};
		84CB136F2A0334F000301F9E /* Resources */ = {
			isa = PBXGroup;
			children = (
			);
			path = Resources;
			sourceTree = "<group>";
		};
		84CB13722A03356800301F9E /* Extensions */ = {
			isa = PBXGroup;
			children = (
				84CB13732A03357500301F9E /* Bundle+Extensions.swift */,
			);
			path = Extensions;
			sourceTree = "<group>";
		};
		84CB13752A033FB100301F9E /* Map */ = {
			isa = PBXGroup;
			children = (
				84CB13762A033FBD00301F9E /* StationsMapView.swift */,
			);
			path = Map;
			sourceTree = "<group>";
		};
		84CB137B2A034C1C00301F9E /* Onboarding */ = {
			isa = PBXGroup;
			children = (
				84CB137C2A034C2900301F9E /* LocationDeniedView.swift */,
			);
			path = Onboarding;
			sourceTree = "<group>";
		};
		84CB13822A035E7A00301F9E /* StationDetailView */ = {
			isa = PBXGroup;
			children = (
				84CB13832A035E9200301F9E /* StationDetailView.xib */,
				84CB13862A035ECA00301F9E /* StationDetailView.m */,
				84CB13882A035F9900301F9E /* StationDetailView.h */,
				84CB13852A035ECA00301F9E /* HereApp-Bridging-Header.h */,
			);
			path = StationDetailView;
			sourceTree = "<group>";
		};
/* End PBXGroup section */

/* Begin PBXNativeTarget section */
		84581BDC2A0311E3001E79C8 /* HereApp */ = {
			isa = PBXNativeTarget;
			buildConfigurationList = 84581BEB2A0311E4001E79C8 /* Build configuration list for PBXNativeTarget "HereApp" */;
			buildPhases = (
				84581BD92A0311E3001E79C8 /* Sources */,
				84581BDA2A0311E3001E79C8 /* Frameworks */,
				84581BDB2A0311E3001E79C8 /* Resources */,
			);
			buildRules = (
			);
			dependencies = (
			);
			name = HereApp;
			productName = HereApp;
			productReference = 84581BDD2A0311E3001E79C8 /* HereApp.app */;
			productType = "com.apple.product-type.application";
		};
/* End PBXNativeTarget section */

/* Begin PBXProject section */
		84581BD52A0311E3001E79C8 /* Project object */ = {
			isa = PBXProject;
			attributes = {
				BuildIndependentTargetsInParallel = 1;
				LastSwiftUpdateCheck = 1430;
				LastUpgradeCheck = 1430;
				TargetAttributes = {
					84581BDC2A0311E3001E79C8 = {
						CreatedOnToolsVersion = 14.3;
						LastSwiftMigration = 1430;
					};
				};
			};
			buildConfigurationList = 84581BD82A0311E3001E79C8 /* Build configuration list for PBXProject "HereApp" */;
			compatibilityVersion = "Xcode 14.0";
			developmentRegion = en;
			hasScannedForEncodings = 0;
			knownRegions = (
				en,
				Base,
			);
			mainGroup = 84581BD42A0311E3001E79C8;
			productRefGroup = 84581BDE2A0311E3001E79C8 /* Products */;
			projectDirPath = "";
			projectRoot = "";
			targets = (
				84581BDC2A0311E3001E79C8 /* HereApp */,
			);
		};
/* End PBXProject section */

/* Begin PBXResourcesBuildPhase section */
		84581BDB2A0311E3001E79C8 /* Resources */ = {
			isa = PBXResourcesBuildPhase;
			buildActionMask = 2147483647;
			files = (
				84581BE82A0311E4001E79C8 /* Preview Assets.xcassets in Resources */,
				84CB13712A03350100301F9E /* apiKey.plist in Resources */,
				84CB13842A035E9200301F9E /* StationDetailView.xib in Resources */,
				84581BE52A0311E4001E79C8 /* Assets.xcassets in Resources */,
			);
			runOnlyForDeploymentPostprocessing = 0;
		};
/* End PBXResourcesBuildPhase section */

/* Begin PBXSourcesBuildPhase section */
		84581BD92A0311E3001E79C8 /* Sources */ = {
			isa = PBXSourcesBuildPhase;
			buildActionMask = 2147483647;
			files = (
				84581BF52A0319E3001E79C8 /* Requestable.swift in Sources */,
				84581BFA2A031C75001E79C8 /* SearchViewModel.swift in Sources */,
				84581BF82A031A6A001E79C8 /* APIManageable.swift in Sources */,
				84CB136E2A03261100301F9E /* StationResponse.swift in Sources */,
				84CB137D2A034C2900301F9E /* LocationDeniedView.swift in Sources */,
				84CB138C2A036CE400301F9E /* WeatherResponse.swift in Sources */,
				84581BE32A0311E3001E79C8 /* SearchView.swift in Sources */,
				84581BE12A0311E3001E79C8 /* HereApp.swift in Sources */,
				84CB136C2A0324C900301F9E /* GetStationsNearMeRequest.swift in Sources */,
				84CB13772A033FBD00301F9E /* StationsMapView.swift in Sources */,
				84CB13872A035ECA00301F9E /* StationDetailView.m in Sources */,
				84CB138A2A036AA800301F9E /* GetWeatherObservationRequest.swift in Sources */,
				84CB13742A03357500301F9E /* Bundle+Extensions.swift in Sources */,
			);
			runOnlyForDeploymentPostprocessing = 0;
		};
/* End PBXSourcesBuildPhase section */

/* Begin XCBuildConfiguration section */
		84581BE92A0311E4001E79C8 /* Debug */ = {
			isa = XCBuildConfiguration;
			buildSettings = {
				ALWAYS_SEARCH_USER_PATHS = NO;
				CLANG_ANALYZER_NONNULL = YES;
				CLANG_ANALYZER_NUMBER_OBJECT_CONVERSION = YES_AGGRESSIVE;
				CLANG_CXX_LANGUAGE_STANDARD = "gnu++20";
				CLANG_ENABLE_MODULES = YES;
				CLANG_ENABLE_OBJC_ARC = YES;
				CLANG_ENABLE_OBJC_WEAK = YES;
				CLANG_WARN_BLOCK_CAPTURE_AUTORELEASING = YES;
				CLANG_WARN_BOOL_CONVERSION = YES;
				CLANG_WARN_COMMA = YES;
				CLANG_WARN_CONSTANT_CONVERSION = YES;
				CLANG_WARN_DEPRECATED_OBJC_IMPLEMENTATIONS = YES;
				CLANG_WARN_DIRECT_OBJC_ISA_USAGE = YES_ERROR;
				CLANG_WARN_DOCUMENTATION_COMMENTS = YES;
				CLANG_WARN_EMPTY_BODY = YES;
				CLANG_WARN_ENUM_CONVERSION = YES;
				CLANG_WARN_INFINITE_RECURSION = YES;
				CLANG_WARN_INT_CONVERSION = YES;
				CLANG_WARN_NON_LITERAL_NULL_CONVERSION = YES;
				CLANG_WARN_OBJC_IMPLICIT_RETAIN_SELF = YES;
				CLANG_WARN_OBJC_LITERAL_CONVERSION = YES;
				CLANG_WARN_OBJC_ROOT_CLASS = YES_ERROR;
				CLANG_WARN_QUOTED_INCLUDE_IN_FRAMEWORK_HEADER = YES;
				CLANG_WARN_RANGE_LOOP_ANALYSIS = YES;
				CLANG_WARN_STRICT_PROTOTYPES = YES;
				CLANG_WARN_SUSPICIOUS_MOVE = YES;
				CLANG_WARN_UNGUARDED_AVAILABILITY = YES_AGGRESSIVE;
				CLANG_WARN_UNREACHABLE_CODE = YES;
				CLANG_WARN__DUPLICATE_METHOD_MATCH = YES;
				COPY_PHASE_STRIP = NO;
				DEBUG_INFORMATION_FORMAT = dwarf;
				ENABLE_STRICT_OBJC_MSGSEND = YES;
				ENABLE_TESTABILITY = YES;
				GCC_C_LANGUAGE_STANDARD = gnu11;
				GCC_DYNAMIC_NO_PIC = NO;
				GCC_NO_COMMON_BLOCKS = YES;
				GCC_OPTIMIZATION_LEVEL = 0;
				GCC_PREPROCESSOR_DEFINITIONS = (
					"DEBUG=1",
					"$(inherited)",
				);
				GCC_WARN_64_TO_32_BIT_CONVERSION = YES;
				GCC_WARN_ABOUT_RETURN_TYPE = YES_ERROR;
				GCC_WARN_UNDECLARED_SELECTOR = YES;
				GCC_WARN_UNINITIALIZED_AUTOS = YES_AGGRESSIVE;
				GCC_WARN_UNUSED_FUNCTION = YES;
				GCC_WARN_UNUSED_VARIABLE = YES;
				IPHONEOS_DEPLOYMENT_TARGET = 16.4;
				MTL_ENABLE_DEBUG_INFO = INCLUDE_SOURCE;
				MTL_FAST_MATH = YES;
				ONLY_ACTIVE_ARCH = YES;
				SDKROOT = iphoneos;
				SWIFT_ACTIVE_COMPILATION_CONDITIONS = DEBUG;
				SWIFT_OPTIMIZATION_LEVEL = "-Onone";
			};
			name = Debug;
		};
		84581BEA2A0311E4001E79C8 /* Release */ = {
			isa = XCBuildConfiguration;
			buildSettings = {
				ALWAYS_SEARCH_USER_PATHS = NO;
				CLANG_ANALYZER_NONNULL = YES;
				CLANG_ANALYZER_NUMBER_OBJECT_CONVERSION = YES_AGGRESSIVE;
				CLANG_CXX_LANGUAGE_STANDARD = "gnu++20";
				CLANG_ENABLE_MODULES = YES;
				CLANG_ENABLE_OBJC_ARC = YES;
				CLANG_ENABLE_OBJC_WEAK = YES;
				CLANG_WARN_BLOCK_CAPTURE_AUTORELEASING = YES;
				CLANG_WARN_BOOL_CONVERSION = YES;
				CLANG_WARN_COMMA = YES;
				CLANG_WARN_CONSTANT_CONVERSION = YES;
				CLANG_WARN_DEPRECATED_OBJC_IMPLEMENTATIONS = YES;
				CLANG_WARN_DIRECT_OBJC_ISA_USAGE = YES_ERROR;
				CLANG_WARN_DOCUMENTATION_COMMENTS = YES;
				CLANG_WARN_EMPTY_BODY = YES;
				CLANG_WARN_ENUM_CONVERSION = YES;
				CLANG_WARN_INFINITE_RECURSION = YES;
				CLANG_WARN_INT_CONVERSION = YES;
				CLANG_WARN_NON_LITERAL_NULL_CONVERSION = YES;
				CLANG_WARN_OBJC_IMPLICIT_RETAIN_SELF = YES;
				CLANG_WARN_OBJC_LITERAL_CONVERSION = YES;
				CLANG_WARN_OBJC_ROOT_CLASS = YES_ERROR;
				CLANG_WARN_QUOTED_INCLUDE_IN_FRAMEWORK_HEADER = YES;
				CLANG_WARN_RANGE_LOOP_ANALYSIS = YES;
				CLANG_WARN_STRICT_PROTOTYPES = YES;
				CLANG_WARN_SUSPICIOUS_MOVE = YES;
				CLANG_WARN_UNGUARDED_AVAILABILITY = YES_AGGRESSIVE;
				CLANG_WARN_UNREACHABLE_CODE = YES;
				CLANG_WARN__DUPLICATE_METHOD_MATCH = YES;
				COPY_PHASE_STRIP = NO;
				DEBUG_INFORMATION_FORMAT = "dwarf-with-dsym";
				ENABLE_NS_ASSERTIONS = NO;
				ENABLE_STRICT_OBJC_MSGSEND = YES;
				GCC_C_LANGUAGE_STANDARD = gnu11;
				GCC_NO_COMMON_BLOCKS = YES;
				GCC_WARN_64_TO_32_BIT_CONVERSION = YES;
				GCC_WARN_ABOUT_RETURN_TYPE = YES_ERROR;
				GCC_WARN_UNDECLARED_SELECTOR = YES;
				GCC_WARN_UNINITIALIZED_AUTOS = YES_AGGRESSIVE;
				GCC_WARN_UNUSED_FUNCTION = YES;
				GCC_WARN_UNUSED_VARIABLE = YES;
				IPHONEOS_DEPLOYMENT_TARGET = 16.4;
				MTL_ENABLE_DEBUG_INFO = NO;
				MTL_FAST_MATH = YES;
				SDKROOT = iphoneos;
				SWIFT_COMPILATION_MODE = wholemodule;
				SWIFT_OPTIMIZATION_LEVEL = "-O";
				VALIDATE_PRODUCT = YES;
			};
			name = Release;
		};
		84581BEC2A0311E4001E79C8 /* Debug */ = {
			isa = XCBuildConfiguration;
			buildSettings = {
				ASSETCATALOG_COMPILER_APPICON_NAME = AppIcon;
				ASSETCATALOG_COMPILER_GLOBAL_ACCENT_COLOR_NAME = AccentColor;
				CLANG_ENABLE_MODULES = YES;
				CODE_SIGN_STYLE = Automatic;
				CURRENT_PROJECT_VERSION = 1;
				DEVELOPMENT_ASSET_PATHS = "\"HereApp/Preview Content\"";
				DEVELOPMENT_TEAM = WKQCTTBW95;
				ENABLE_PREVIEWS = YES;
				GENERATE_INFOPLIST_FILE = YES;
				INFOPLIST_FILE = HereApp/Info.plist;
				INFOPLIST_KEY_NSLocationWhenInUseUsageDescription = "The App detects your location to display nearby stations.";
				INFOPLIST_KEY_UIApplicationSceneManifest_Generation = YES;
				INFOPLIST_KEY_UIApplicationSupportsIndirectInputEvents = YES;
				INFOPLIST_KEY_UILaunchScreen_Generation = YES;
				INFOPLIST_KEY_UISupportedInterfaceOrientations_iPad = "UIInterfaceOrientationPortrait UIInterfaceOrientationPortraitUpsideDown UIInterfaceOrientationLandscapeLeft UIInterfaceOrientationLandscapeRight";
				INFOPLIST_KEY_UISupportedInterfaceOrientations_iPhone = "UIInterfaceOrientationPortrait UIInterfaceOrientationLandscapeLeft UIInterfaceOrientationLandscapeRight";
				LD_RUNPATH_SEARCH_PATHS = (
					"$(inherited)",
					"@executable_path/Frameworks",
				);
				MARKETING_VERSION = 1.0;
				PRODUCT_BUNDLE_IDENTIFIER = com.surfingscratcher.HereApp;
				PRODUCT_NAME = "$(TARGET_NAME)";
				SWIFT_EMIT_LOC_STRINGS = YES;
				SWIFT_OBJC_BRIDGING_HEADER = "HereApp/Features/StationDetailView/HereApp-Bridging-Header.h";
				SWIFT_OPTIMIZATION_LEVEL = "-Onone";
				SWIFT_VERSION = 5.0;
				TARGETED_DEVICE_FAMILY = "1,2";
			};
			name = Debug;
		};
		84581BED2A0311E4001E79C8 /* Release */ = {
			isa = XCBuildConfiguration;
			buildSettings = {
				ASSETCATALOG_COMPILER_APPICON_NAME = AppIcon;
				ASSETCATALOG_COMPILER_GLOBAL_ACCENT_COLOR_NAME = AccentColor;
				CLANG_ENABLE_MODULES = YES;
				CODE_SIGN_STYLE = Automatic;
				CURRENT_PROJECT_VERSION = 1;
				DEVELOPMENT_ASSET_PATHS = "\"HereApp/Preview Content\"";
				DEVELOPMENT_TEAM = WKQCTTBW95;
				ENABLE_PREVIEWS = YES;
				GENERATE_INFOPLIST_FILE = YES;
				INFOPLIST_FILE = HereApp/Info.plist;
				INFOPLIST_KEY_NSLocationWhenInUseUsageDescription = "The App detects your location to display nearby stations.";
				INFOPLIST_KEY_UIApplicationSceneManifest_Generation = YES;
				INFOPLIST_KEY_UIApplicationSupportsIndirectInputEvents = YES;
				INFOPLIST_KEY_UILaunchScreen_Generation = YES;
				INFOPLIST_KEY_UISupportedInterfaceOrientations_iPad = "UIInterfaceOrientationPortrait UIInterfaceOrientationPortraitUpsideDown UIInterfaceOrientationLandscapeLeft UIInterfaceOrientationLandscapeRight";
				INFOPLIST_KEY_UISupportedInterfaceOrientations_iPhone = "UIInterfaceOrientationPortrait UIInterfaceOrientationLandscapeLeft UIInterfaceOrientationLandscapeRight";
				LD_RUNPATH_SEARCH_PATHS = (
					"$(inherited)",
					"@executable_path/Frameworks",
				);
				MARKETING_VERSION = 1.0;
				PRODUCT_BUNDLE_IDENTIFIER = com.surfingscratcher.HereApp;
				PRODUCT_NAME = "$(TARGET_NAME)";
				SWIFT_EMIT_LOC_STRINGS = YES;
				SWIFT_OBJC_BRIDGING_HEADER = "HereApp/Features/StationDetailView/HereApp-Bridging-Header.h";
				SWIFT_VERSION = 5.0;
				TARGETED_DEVICE_FAMILY = "1,2";
			};
			name = Release;
		};
/* End XCBuildConfiguration section */

/* Begin XCConfigurationList section */
		84581BD82A0311E3001E79C8 /* Build configuration list for PBXProject "HereApp" */ = {
			isa = XCConfigurationList;
			buildConfigurations = (
				84581BE92A0311E4001E79C8 /* Debug */,
				84581BEA2A0311E4001E79C8 /* Release */,
			);
			defaultConfigurationIsVisible = 0;
			defaultConfigurationName = Release;
		};
		84581BEB2A0311E4001E79C8 /* Build configuration list for PBXNativeTarget "HereApp" */ = {
			isa = XCConfigurationList;
			buildConfigurations = (
				84581BEC2A0311E4001E79C8 /* Debug */,
				84581BED2A0311E4001E79C8 /* Release */,
			);
			defaultConfigurationIsVisible = 0;
			defaultConfigurationName = Release;
		};
/* End XCConfigurationList section */
	};
	rootObject = 84581BD52A0311E3001E79C8 /* Project object */;
}
